# This file is automatically @generated by Cargo.
# It is not intended for manual editing.
version = 4

[[package]]
name = "engine-cli"
version = "0.1.0"

[[package]]
name = "engine-protocol"
version = "0.1.0"

[[package]]
name = "pptx"
version = "0.1.0"

[[package]]
name = "presentation-model"
version = "0.1.0"
